{
    "name": "karmia-lambda-jsonrpc-example",
    "version": "0.1.0",
    "lockfileVersion": 1,
    "requires": true,
    "dependencies": {
        "karmia-converter-jsonrpc": {
            "version": "0.1.1",
            "resolved": "https://registry.npmjs.org/karmia-converter-jsonrpc/-/karmia-converter-jsonrpc-0.1.1.tgz",
            "integrity": "sha512-DOBzs4CmEe0N3lHDp3vrgpYBfgCX17sv9ejp5+ge8y8+un3P9MEWC6lAVvStZ32BJfKBTPBmg9UbihQhPSmD+A=="
        },
        "karmia-lambda-jsonrpc": {
            "version": "0.3.0",
            "resolved": "https://registry.npmjs.org/karmia-lambda-jsonrpc/-/karmia-lambda-jsonrpc-0.3.0.tgz",
            "integrity": "sha512-hTFNjw4X3ErYl6Ruy+0Vh1XAnRazq9u1w/7g4hK53O0PYkdbKYQg2f6ibTTcZD+tS9eyTzsvwKXqaLc5I+l0CQ==",
            "requires": {
                "karmia-converter-jsonrpc": "0.1.1"
            }
        }
    }
}
